# THIS IS AN AUTOGENERATED FILE. DO NOT EDIT THIS FILE DIRECTLY.
# yarn lockfile v1


graphql@^15.5.0:
  version "15.8.0"
  resolved "https://registry.yarnpkg.com/graphql/-/graphql-15.8.0.tgz#33410e96b012fa3bdb1091cc99a94769db212b38"
  integrity sha512-5gghUc24tP9HRznNpV2+FIoq3xKkj5dTQqf4v0CpdPbFVwFkWoxOM+o+2OC9ZSvjEMTjfmG9QT+gcvggTwW1zw==

rescript@9.1.0:
  version "9.1.0"
  resolved "https://registry.yarnpkg.com/rescript/-/rescript-9.1.0.tgz#efc1995212a624035a81548e40f042e2d3cadf2b"
  integrity sha512-KHBM5SRk4aauUzeDCT3EB5kjly36Olkv+8jmurVJxJAa6L7Sz6AJXzmgZA0cU65/nvdi3InhpNSuxTsDlPj/3A==
